
Microsoft Visual Studio Solution File, Format Version 12.00
# Visual Studio 2012
Project("{F184B08F-C81C-45F6-A57F-5ABD9991F28F}") = "30", "30\30.vbproj", "{9F5A6395-9563-45BB-979F-275D9FF0E17C}"
EndProject
Global
	GlobalSection(SolutionConfigurationPlatforms) = preSolution
		Debug|Any CPU = Debug|Any CPU
		Release|Any CPU = Release|Any CPU
	EndGlobalSection
	GlobalSection(ProjectConfigurationPlatforms) = postSolution
		{9F5A6395-9563-45BB-979F-275D9FF0E17C}.Debug|Any CPU.ActiveCfg = Debug|Any CPU
		{9F5A6395-9563-45BB-979F-275D9FF0E17C}.Debug|Any CPU.Build.0 = Debug|Any CPU
		{9F5A6395-9563-45BB-979F-275D9FF0E17C}.Release|Any CPU.ActiveCfg = Release|Any CPU
		{9F5A6395-9563-45BB-979F-275D9FF0E17C}.Release|Any CPU.Build.0 = Release|Any CPU
	EndGlobalSection
	GlobalSection(SolutionProperties) = preSolution
		HideSolutionNode = FALSE
	EndGlobalSection
EndGlobal
